
Microsoft Visual Studio Solution File, Format Version 12.00
# Visual Studio Version 17
VisualStudioVersion = 17.14.36408.4
MinimumVisualStudioVersion = 10.0.40219.1
Project("{2150E333-8FDC-42A3-9474-1A3956D46DE8}") = "Services", "Services", "{02EA681E-C7D8-13C7-8484-4AC65E1B71E8}"
EndProject
Project("{2150E333-8FDC-42A3-9474-1A3956D46DE8}") = "AuthService", "AuthService", "{BD72BBFF-70CB-490A-909A-B33CE050621C}"
EndProject
Project("{FAE04EC0-301F-11D3-BF4B-00C04F79EFBC}") = "AuthService.API", "AuthService.API\AuthService.API.csproj", "{87481BE5-6ECB-4219-B59A-9FE97D021B6E}"
EndProject
Project("{FAE04EC0-301F-11D3-BF4B-00C04F79EFBC}") = "Auth.Infrastructure", "Auth.Repositories\Auth.Infrastructure.csproj", "{3A13472E-ABFB-47F2-9191-E19A48EF1A02}"
EndProject
Project("{FAE04EC0-301F-11D3-BF4B-00C04F79EFBC}") = "Auth.Application", "Auth.Services\Auth.Application.csproj", "{AD583BD7-13C1-4B5A-A798-D19C2864B89E}"
EndProject
Project("{FAE04EC0-301F-11D3-BF4B-00C04F79EFBC}") = "Auth.Domain", "Auth.Domain\Auth.Domain.csproj", "{E4905F44-DC71-4D18-AF58-D3EB00A3DCFF}"
EndProject
Project("{2150E333-8FDC-42A3-9474-1A3956D46DE8}") = "TermAdmissionService", "TermAdmissionService", "{3D23EAC0-5D1A-46D7-B76F-84D7D68A54FC}"
EndProject
Project("{FAE04EC0-301F-11D3-BF4B-00C04F79EFBC}") = "TermAdmissionManagement.Infrastructure", "TermAdmissionManagement.Infrastructure\TermAdmissionManagement.Infrastructure.csproj", "{66186503-A99B-4F18-9155-5B597637CFE8}"
EndProject
Project("{FAE04EC0-301F-11D3-BF4B-00C04F79EFBC}") = "TermAdmissionManagement.Application", "TermAdmissionManagement.Application\TermAdmissionManagement.Application.csproj", "{3446A2C5-89F3-4517-B0FF-221EBD6FB647}"
EndProject
Project("{FAE04EC0-301F-11D3-BF4B-00C04F79EFBC}") = "TermAdmissionManagement.API", "TermAdmissionManagement.API\TermAdmissionManagement.API.csproj", "{A8F02A80-5B2A-42C4-9DD9-AEE68C64D9B2}"
EndProject
Project("{E53339B2-1760-4266-BCC7-CA923CBCF16C}") = "docker-compose", "docker-compose.dcproj", "{81DDED9D-158B-E303-5F62-77A2896D2A5A}"
EndProject
Project("{2150E333-8FDC-42A3-9474-1A3956D46DE8}") = "ApiGateway", "ApiGateway", "{50D5B2C4-4441-4ECB-A75C-1E978BE2B302}"
EndProject
Project("{FAE04EC0-301F-11D3-BF4B-00C04F79EFBC}") = "Gateway.API", "Gateway.API\Gateway.API.csproj", "{979F3A92-C664-4783-AEC2-5C355D7F95E7}"
EndProject
Project("{FAE04EC0-301F-11D3-BF4B-00C04F79EFBC}") = "TermAdmissionManagement.Domain", "TermAdmissionManagement.Domain\TermAdmissionManagement.Domain.csproj", "{A6B405FF-7ACA-EEC3-71F1-F424F1BD14C7}"
EndProject
Project("{2150E333-8FDC-42A3-9474-1A3956D46DE8}") = "SyllabusService", "SyllabusService", "{A707B68A-2051-4389-A0B8-112F24E7C84E}"
EndProject
Project("{FAE04EC0-301F-11D3-BF4B-00C04F79EFBC}") = "Syllabus.Infrastructure", "Syllabus.Infrastructure\Syllabus.Infrastructure.csproj", "{B8B0F844-5B02-48FE-ADF2-C44AB19DF3B0}"
EndProject
Project("{FAE04EC0-301F-11D3-BF4B-00C04F79EFBC}") = "Syllabus.Application", "Syllabus.Application\Syllabus.Application.csproj", "{B029CF78-AD88-4377-B315-3ACD5DF2FC07}"
EndProject
Project("{FAE04EC0-301F-11D3-BF4B-00C04F79EFBC}") = "Syllabus.API", "Syllabus.API\Syllabus.API.csproj", "{D9145E56-C14E-4B0F-946D-F365E84CF12A}"
EndProject
Global
	GlobalSection(SolutionConfigurationPlatforms) = preSolution
		Debug|Any CPU = Debug|Any CPU
		Release|Any CPU = Release|Any CPU
	EndGlobalSection
	GlobalSection(ProjectConfigurationPlatforms) = postSolution
		{87481BE5-6ECB-4219-B59A-9FE97D021B6E}.Debug|Any CPU.ActiveCfg = Debug|Any CPU
		{87481BE5-6ECB-4219-B59A-9FE97D021B6E}.Debug|Any CPU.Build.0 = Debug|Any CPU
		{87481BE5-6ECB-4219-B59A-9FE97D021B6E}.Release|Any CPU.ActiveCfg = Release|Any CPU
		{87481BE5-6ECB-4219-B59A-9FE97D021B6E}.Release|Any CPU.Build.0 = Release|Any CPU
		{3A13472E-ABFB-47F2-9191-E19A48EF1A02}.Debug|Any CPU.ActiveCfg = Debug|Any CPU
		{3A13472E-ABFB-47F2-9191-E19A48EF1A02}.Debug|Any CPU.Build.0 = Debug|Any CPU
		{3A13472E-ABFB-47F2-9191-E19A48EF1A02}.Release|Any CPU.ActiveCfg = Release|Any CPU
		{3A13472E-ABFB-47F2-9191-E19A48EF1A02}.Release|Any CPU.Build.0 = Release|Any CPU
		{AD583BD7-13C1-4B5A-A798-D19C2864B89E}.Debug|Any CPU.ActiveCfg = Debug|Any CPU
		{AD583BD7-13C1-4B5A-A798-D19C2864B89E}.Debug|Any CPU.Build.0 = Debug|Any CPU
		{AD583BD7-13C1-4B5A-A798-D19C2864B89E}.Release|Any CPU.ActiveCfg = Release|Any CPU
		{AD583BD7-13C1-4B5A-A798-D19C2864B89E}.Release|Any CPU.Build.0 = Release|Any CPU
		{E4905F44-DC71-4D18-AF58-D3EB00A3DCFF}.Debug|Any CPU.ActiveCfg = Debug|Any CPU
		{E4905F44-DC71-4D18-AF58-D3EB00A3DCFF}.Debug|Any CPU.Build.0 = Debug|Any CPU
		{E4905F44-DC71-4D18-AF58-D3EB00A3DCFF}.Release|Any CPU.ActiveCfg = Release|Any CPU
		{E4905F44-DC71-4D18-AF58-D3EB00A3DCFF}.Release|Any CPU.Build.0 = Release|Any CPU
		{66186503-A99B-4F18-9155-5B597637CFE8}.Debug|Any CPU.ActiveCfg = Debug|Any CPU
		{66186503-A99B-4F18-9155-5B597637CFE8}.Debug|Any CPU.Build.0 = Debug|Any CPU
		{66186503-A99B-4F18-9155-5B597637CFE8}.Release|Any CPU.ActiveCfg = Release|Any CPU
		{66186503-A99B-4F18-9155-5B597637CFE8}.Release|Any CPU.Build.0 = Release|Any CPU
		{3446A2C5-89F3-4517-B0FF-221EBD6FB647}.Debug|Any CPU.ActiveCfg = Debug|Any CPU
		{3446A2C5-89F3-4517-B0FF-221EBD6FB647}.Debug|Any CPU.Build.0 = Debug|Any CPU
		{3446A2C5-89F3-4517-B0FF-221EBD6FB647}.Release|Any CPU.ActiveCfg = Release|Any CPU
		{3446A2C5-89F3-4517-B0FF-221EBD6FB647}.Release|Any CPU.Build.0 = Release|Any CPU
		{A8F02A80-5B2A-42C4-9DD9-AEE68C64D9B2}.Debug|Any CPU.ActiveCfg = Debug|Any CPU
		{A8F02A80-5B2A-42C4-9DD9-AEE68C64D9B2}.Debug|Any CPU.Build.0 = Debug|Any CPU
		{A8F02A80-5B2A-42C4-9DD9-AEE68C64D9B2}.Release|Any CPU.ActiveCfg = Release|Any CPU
		{A8F02A80-5B2A-42C4-9DD9-AEE68C64D9B2}.Release|Any CPU.Build.0 = Release|Any CPU
		{81DDED9D-158B-E303-5F62-77A2896D2A5A}.Debug|Any CPU.ActiveCfg = Debug|Any CPU
		{81DDED9D-158B-E303-5F62-77A2896D2A5A}.Debug|Any CPU.Build.0 = Debug|Any CPU
		{81DDED9D-158B-E303-5F62-77A2896D2A5A}.Release|Any CPU.ActiveCfg = Release|Any CPU
		{81DDED9D-158B-E303-5F62-77A2896D2A5A}.Release|Any CPU.Build.0 = Release|Any CPU
		{979F3A92-C664-4783-AEC2-5C355D7F95E7}.Debug|Any CPU.ActiveCfg = Debug|Any CPU
		{979F3A92-C664-4783-AEC2-5C355D7F95E7}.Debug|Any CPU.Build.0 = Debug|Any CPU
		{979F3A92-C664-4783-AEC2-5C355D7F95E7}.Release|Any CPU.ActiveCfg = Release|Any CPU
		{979F3A92-C664-4783-AEC2-5C355D7F95E7}.Release|Any CPU.Build.0 = Release|Any CPU
		{A6B405FF-7ACA-EEC3-71F1-F424F1BD14C7}.Debug|Any CPU.ActiveCfg = Debug|Any CPU
		{A6B405FF-7ACA-EEC3-71F1-F424F1BD14C7}.Debug|Any CPU.Build.0 = Debug|Any CPU
		{A6B405FF-7ACA-EEC3-71F1-F424F1BD14C7}.Release|Any CPU.ActiveCfg = Release|Any CPU
		{A6B405FF-7ACA-EEC3-71F1-F424F1BD14C7}.Release|Any CPU.Build.0 = Release|Any CPU
		{B8B0F844-5B02-48FE-ADF2-C44AB19DF3B0}.Debug|Any CPU.ActiveCfg = Debug|Any CPU
		{B8B0F844-5B02-48FE-ADF2-C44AB19DF3B0}.Debug|Any CPU.Build.0 = Debug|Any CPU
		{B8B0F844-5B02-48FE-ADF2-C44AB19DF3B0}.Release|Any CPU.ActiveCfg = Release|Any CPU
		{B8B0F844-5B02-48FE-ADF2-C44AB19DF3B0}.Release|Any CPU.Build.0 = Release|Any CPU
		{B029CF78-AD88-4377-B315-3ACD5DF2FC07}.Debug|Any CPU.ActiveCfg = Debug|Any CPU
		{B029CF78-AD88-4377-B315-3ACD5DF2FC07}.Debug|Any CPU.Build.0 = Debug|Any CPU
		{B029CF78-AD88-4377-B315-3ACD5DF2FC07}.Release|Any CPU.ActiveCfg = Release|Any CPU
		{B029CF78-AD88-4377-B315-3ACD5DF2FC07}.Release|Any CPU.Build.0 = Release|Any CPU
		{D9145E56-C14E-4B0F-946D-F365E84CF12A}.Debug|Any CPU.ActiveCfg = Debug|Any CPU
		{D9145E56-C14E-4B0F-946D-F365E84CF12A}.Debug|Any CPU.Build.0 = Debug|Any CPU
		{D9145E56-C14E-4B0F-946D-F365E84CF12A}.Release|Any CPU.ActiveCfg = Release|Any CPU
		{D9145E56-C14E-4B0F-946D-F365E84CF12A}.Release|Any CPU.Build.0 = Release|Any CPU
	EndGlobalSection
	GlobalSection(SolutionProperties) = preSolution
		HideSolutionNode = FALSE
	EndGlobalSection
	GlobalSection(NestedProjects) = preSolution
		{BD72BBFF-70CB-490A-909A-B33CE050621C} = {02EA681E-C7D8-13C7-8484-4AC65E1B71E8}
		{87481BE5-6ECB-4219-B59A-9FE97D021B6E} = {BD72BBFF-70CB-490A-909A-B33CE050621C}
		{3A13472E-ABFB-47F2-9191-E19A48EF1A02} = {BD72BBFF-70CB-490A-909A-B33CE050621C}
		{AD583BD7-13C1-4B5A-A798-D19C2864B89E} = {BD72BBFF-70CB-490A-909A-B33CE050621C}
		{E4905F44-DC71-4D18-AF58-D3EB00A3DCFF} = {BD72BBFF-70CB-490A-909A-B33CE050621C}
		{3D23EAC0-5D1A-46D7-B76F-84D7D68A54FC} = {02EA681E-C7D8-13C7-8484-4AC65E1B71E8}
		{66186503-A99B-4F18-9155-5B597637CFE8} = {3D23EAC0-5D1A-46D7-B76F-84D7D68A54FC}
		{3446A2C5-89F3-4517-B0FF-221EBD6FB647} = {3D23EAC0-5D1A-46D7-B76F-84D7D68A54FC}
		{A8F02A80-5B2A-42C4-9DD9-AEE68C64D9B2} = {3D23EAC0-5D1A-46D7-B76F-84D7D68A54FC}
		{979F3A92-C664-4783-AEC2-5C355D7F95E7} = {50D5B2C4-4441-4ECB-A75C-1E978BE2B302}
		{A6B405FF-7ACA-EEC3-71F1-F424F1BD14C7} = {3D23EAC0-5D1A-46D7-B76F-84D7D68A54FC}
		{A707B68A-2051-4389-A0B8-112F24E7C84E} = {02EA681E-C7D8-13C7-8484-4AC65E1B71E8}
		{B8B0F844-5B02-48FE-ADF2-C44AB19DF3B0} = {A707B68A-2051-4389-A0B8-112F24E7C84E}
		{B029CF78-AD88-4377-B315-3ACD5DF2FC07} = {A707B68A-2051-4389-A0B8-112F24E7C84E}
		{D9145E56-C14E-4B0F-946D-F365E84CF12A} = {A707B68A-2051-4389-A0B8-112F24E7C84E}
	EndGlobalSection
	GlobalSection(ExtensibilityGlobals) = postSolution
		SolutionGuid = {FC29D3EF-583A-41F3-9FD8-6E5E09948415}
	EndGlobalSection
EndGlobal
